Microsoft Visual Studio Solution File, Format Version 12.00
# Visual Studio 15
VisualStudioVersion = 15.0.26430.14
MinimumVisualStudioVersion = 10.0.40219.1
Project("{FAE04EC0-301F-11D3-BF4B-00C04F79EFBC}") = "PagarmeCoreApi.Standard", "PagarmeCoreApi.Standard/PagarmeCoreApi.Standard.csproj", "{f7a8b9aa-bb21-46a3-ac7a-fa61bf1bf3e7}"
EndProject
Project("{FAE04EC0-301F-11D3-BF4B-00C04F79EFBC}") = "PagarmeCoreApi.Tests", "PagarmeCoreApi.Tests/PagarmeCoreApi.Tests.csproj", "{2d723180-46a9-4ccc-b040-a367de8348b1}"
EndProject
Global
    GlobalSection(SolutionConfigurationPlatforms) = preSolution
        Debug|Any CPU = Debug|Any CPU
        Release|Any CPU = Release|Any CPU
    EndGlobalSection
    GlobalSection(ProjectConfigurationPlatforms) = postSolution
        {f7a8b9aa-bb21-46a3-ac7a-fa61bf1bf3e7}.Debug|Any CPU.ActiveCfg = Debug|Any CPU
        {f7a8b9aa-bb21-46a3-ac7a-fa61bf1bf3e7}.Debug|Any CPU.Build.0 = Debug|Any CPU
        {f7a8b9aa-bb21-46a3-ac7a-fa61bf1bf3e7}.Release|Any CPU.ActiveCfg = Release|Any CPU
        {f7a8b9aa-bb21-46a3-ac7a-fa61bf1bf3e7}.Release|Any CPU.Build.0 = Release|Any CPU
        {2d723180-46a9-4ccc-b040-a367de8348b1}.Debug|Any CPU.ActiveCfg = Debug|Any CPU
        {2d723180-46a9-4ccc-b040-a367de8348b1}.Debug|Any CPU.Build.0 = Debug|Any CPU
        {2d723180-46a9-4ccc-b040-a367de8348b1}.Release|Any CPU.ActiveCfg = Release|Any CPU
        {2d723180-46a9-4ccc-b040-a367de8348b1}.Release|Any CPU.Build.0 = Release|Any CPU
    EndGlobalSection
    GlobalSection(SolutionProperties) = preSolution
        HideSolutionNode = FALSE
    EndGlobalSection
EndGlobal
