Microsoft Visual Studio Solution File, Format Version 12.00
# Visual Studio 15
VisualStudioVersion = 15.0.26430.14
MinimumVisualStudioVersion = 10.0.40219.1
Project("{FAE04EC0-301F-11D3-BF4B-00C04F79EFBC}") = "PagarmeCoreApi.Standard", "PagarmeCoreApi.Standard/PagarmeCoreApi.Standard.csproj", "{b1305568-dd39-4e8d-9954-e055fdae8b0d}"
EndProject
Global
    GlobalSection(SolutionConfigurationPlatforms) = preSolution
        Debug|Any CPU = Debug|Any CPU
        Release|Any CPU = Release|Any CPU
    EndGlobalSection
    GlobalSection(ProjectConfigurationPlatforms) = postSolution
        {b1305568-dd39-4e8d-9954-e055fdae8b0d}.Debug|Any CPU.ActiveCfg = Debug|Any CPU
        {b1305568-dd39-4e8d-9954-e055fdae8b0d}.Debug|Any CPU.Build.0 = Debug|Any CPU
        {b1305568-dd39-4e8d-9954-e055fdae8b0d}.Release|Any CPU.ActiveCfg = Release|Any CPU
        {b1305568-dd39-4e8d-9954-e055fdae8b0d}.Release|Any CPU.Build.0 = Release|Any CPU
    EndGlobalSection
    GlobalSection(SolutionProperties) = preSolution
        HideSolutionNode = FALSE
    EndGlobalSection
EndGlobal
